// !$*UTF8*$!
{
	archiveVersion = 1;
	classes = {
	};
	objectVersion = 56;
	objects = {

/* Begin PBXBuildFile section */
		D9D334222A4D2CDA0010191B /* PartyMessageApp.swift in Sources */ = {isa = PBXBuildFile; fileRef = D9D334212A4D2CDA0010191B /* PartyMessageApp.swift */; };
		D9D334242A4D2CDA0010191B /* ContentView.swift in Sources */ = {isa = PBXBuildFile; fileRef = D9D334232A4D2CDA0010191B /* ContentView.swift */; };
		D9D334262A4D2CDB0010191B /* Assets.xcassets in Resources */ = {isa = PBXBuildFile; fileRef = D9D334252A4D2CDB0010191B /* Assets.xcassets */; };
		D9D334292A4D2CDB0010191B /* Preview Assets.xcassets in Resources */ = {isa = PBXBuildFile; fileRef = D9D334282A4D2CDB0010191B /* Preview Assets.xcassets */; };
		D9D334332A4D2CDB0010191B /* PartyMessageTests.swift in Sources */ = {isa = PBXBuildFile; fileRef = D9D334322A4D2CDB0010191B /* PartyMessageTests.swift */; };
		D9D3343D2A4D2CDB0010191B /* PartyMessageUITests.swift in Sources */ = {isa = PBXBuildFile; fileRef = D9D3343C2A4D2CDB0010191B /* PartyMessageUITests.swift */; };
		D9D3343F2A4D2CDB0010191B /* PartyMessageUITestsLaunchTests.swift in Sources */ = {isa = PBXBuildFile; fileRef = D9D3343E2A4D2CDB0010191B /* PartyMessageUITestsLaunchTests.swift */; };
/* End PBXBuildFile section */

/* Begin PBXContainerItemProxy section */
		D9D3342F2A4D2CDB0010191B /* PBXContainerItemProxy */ = {
			isa = PBXContainerItemProxy;
			containerPortal = D9D334162A4D2CD90010191B /* Project object */;
			proxyType = 1;
			remoteGlobalIDString = D9D3341D2A4D2CD90010191B;
			remoteInfo = PartyMessage;
		};
		D9D334392A4D2CDB0010191B /* PBXContainerItemProxy */ = {
			isa = PBXContainerItemProxy;
			containerPortal = D9D334162A4D2CD90010191B /* Project object */;
			proxyType = 1;
			remoteGlobalIDString = D9D3341D2A4D2CD90010191B;
			remoteInfo = PartyMessage;
		};
/* End PBXContainerItemProxy section */

/* Begin PBXFileReference section */
		D9D3341E2A4D2CDA0010191B /* PartyMessage.app */ = {isa = PBXFileReference; explicitFileType = wrapper.application; includeInIndex = 0; path = PartyMessage.app; sourceTree = BUILT_PRODUCTS_DIR; };
		D9D334212A4D2CDA0010191B /* PartyMessageApp.swift */ = {isa = PBXFileReference; lastKnownFileType = sourcecode.swift; path = PartyMessageApp.swift; sourceTree = "<group>"; };
		D9D334232A4D2CDA0010191B /* ContentView.swift */ = {isa = PBXFileReference; lastKnownFileType = sourcecode.swift; path = ContentView.swift; sourceTree = "<group>"; };
		D9D334252A4D2CDB0010191B /* Assets.xcassets */ = {isa = PBXFileReference; lastKnownFileType = folder.assetcatalog; path = Assets.xcassets; sourceTree = "<group>"; };
		D9D334282A4D2CDB0010191B /* Preview Assets.xcassets */ = {isa = PBXFileReference; lastKnownFileType = folder.assetcatalog; path = "Preview Assets.xcassets"; sourceTree = "<group>"; };
		D9D3342E2A4D2CDB0010191B /* PartyMessageTests.xctest */ = {isa = PBXFileReference; explicitFileType = wrapper.cfbundle; includeInIndex = 0; path = PartyMessageTests.xctest; sourceTree = BUILT_PRODUCTS_DIR; };
		D9D334322A4D2CDB0010191B /* PartyMessageTests.swift */ = {isa = PBXFileReference; lastKnownFileType = sourcecode.swift; path = PartyMessageTests.swift; sourceTree = "<group>"; };
		D9D334382A4D2CDB0010191B /* PartyMessageUITests.xctest */ = {isa = PBXFileReference; explicitFileType = wrapper.cfbundle; includeInIndex = 0; path = PartyMessageUITests.xctest; sourceTree = BUILT_PRODUCTS_DIR; };
		D9D3343C2A4D2CDB0010191B /* PartyMessageUITests.swift */ = {isa = PBXFileReference; lastKnownFileType = sourcecode.swift; path = PartyMessageUITests.swift; sourceTree = "<group>"; };
		D9D3343E2A4D2CDB0010191B /* PartyMessageUITestsLaunchTests.swift */ = {isa = PBXFileReference; lastKnownFileType = sourcecode.swift; path = PartyMessageUITestsLaunchTests.swift; sourceTree = "<group>"; };
/* End PBXFileReference section */

/* Begin PBXFrameworksBuildPhase section */
		D9D3341B2A4D2CD90010191B /* Frameworks */ = {
			isa = PBXFrameworksBuildPhase;
			buildActionMask = 2147483647;
			files = (
			);
			runOnlyForDeploymentPostprocessing = 0;
		};
		D9D3342B2A4D2CDB0010191B /* Frameworks */ = {
			isa = PBXFrameworksBuildPhase;
			buildActionMask = 2147483647;
			files = (
			);
			runOnlyForDeploymentPostprocessing = 0;
		};
		D9D334352A4D2CDB0010191B /* Frameworks */ = {
			isa = PBXFrameworksBuildPhase;
			buildActionMask = 2147483647;
			files = (
			);
			runOnlyForDeploymentPostprocessing = 0;
		};
/* End PBXFrameworksBuildPhase section */

/* Begin PBXGroup section */
		D9D334152A4D2CD90010191B = {
			isa = PBXGroup;
			children = (
				D9D334202A4D2CDA0010191B /* PartyMessage */,
				D9D334312A4D2CDB0010191B /* PartyMessageTests */,
				D9D3343B2A4D2CDB0010191B /* PartyMessageUITests */,
				D9D3341F2A4D2CDA0010191B /* Products */,
			);
			sourceTree = "<group>";
		};
		D9D3341F2A4D2CDA0010191B /* Products */ = {
			isa = PBXGroup;
			children = (
				D9D3341E2A4D2CDA0010191B /* PartyMessage.app */,
				D9D3342E2A4D2CDB0010191B /* PartyMessageTests.xctest */,
				D9D334382A4D2CDB0010191B /* PartyMessageUITests.xctest */,
			);
			name = Products;
			sourceTree = "<group>";
		};
		D9D334202A4D2CDA0010191B /* PartyMessage */ = {
			isa = PBXGroup;
			children = (
				D9D334212A4D2CDA0010191B /* PartyMessageApp.swift */,
				D9D334232A4D2CDA0010191B /* ContentView.swift */,
				D9D334252A4D2CDB0010191B /* Assets.xcassets */,
				D9D334272A4D2CDB0010191B /* Preview Content */,
			);
			path = PartyMessage;
			sourceTree = "<group>";
		};
		D9D334272A4D2CDB0010191B /* Preview Content */ = {
			isa = PBXGroup;
			children = (
				D9D334282A4D2CDB0010191B /* Preview Assets.xcassets */,
			);
			path = "Preview Content";
			sourceTree = "<group>";
		};
		D9D334312A4D2CDB0010191B /* PartyMessageTests */ = {
			isa = PBXGroup;
			children = (
				D9D334322A4D2CDB0010191B /* PartyMessageTests.swift */,
			);
			path = PartyMessageTests;
			sourceTree = "<group>";
		};
		D9D3343B2A4D2CDB0010191B /* PartyMessageUITests */ = {
			isa = PBXGroup;
			children = (
				D9D3343C2A4D2CDB0010191B /* PartyMessageUITests.swift */,
				D9D3343E2A4D2CDB0010191B /* PartyMessageUITestsLaunchTests.swift */,
			);
			path = PartyMessageUITests;
			sourceTree = "<group>";
		};
/* End PBXGroup section */

/* Begin PBXNativeTarget section */
		D9D3341D2A4D2CD90010191B /* PartyMessage */ = {
			isa = PBXNativeTarget;
			buildConfigurationList = D9D334422A4D2CDB0010191B /* Build configuration list for PBXNativeTarget "PartyMessage" */;
			buildPhases = (
				D9D3341A2A4D2CD90010191B /* Sources */,
				D9D3341B2A4D2CD90010191B /* Frameworks */,
				D9D3341C2A4D2CD90010191B /* Resources */,
			);
			buildRules = (
			);
			dependencies = (
			);
			name = PartyMessage;
			productName = PartyMessage;
			productReference = D9D3341E2A4D2CDA0010191B /* PartyMessage.app */;
			productType = "com.apple.product-type.application";
		};
		D9D3342D2A4D2CDB0010191B /* PartyMessageTests */ = {
			isa = PBXNativeTarget;
			buildConfigurationList = D9D334452A4D2CDB0010191B /* Build configuration list for PBXNativeTarget "PartyMessageTests" */;
			buildPhases = (
				D9D3342A2A4D2CDB0010191B /* Sources */,
				D9D3342B2A4D2CDB0010191B /* Frameworks */,
				D9D3342C2A4D2CDB0010191B /* Resources */,
			);
			buildRules = (
			);
			dependencies = (
				D9D334302A4D2CDB0010191B /* PBXTargetDependency */,
			);
			name = PartyMessageTests;
			productName = PartyMessageTests;
			productReference = D9D3342E2A4D2CDB0010191B /* PartyMessageTests.xctest */;
			productType = "com.apple.product-type.bundle.unit-test";
		};
		D9D334372A4D2CDB0010191B /* PartyMessageUITests */ = {
			isa = PBXNativeTarget;
			buildConfigurationList = D9D334482A4D2CDB0010191B /* Build configuration list for PBXNativeTarget "PartyMessageUITests" */;
			buildPhases = (
				D9D334342A4D2CDB0010191B /* Sources */,
				D9D334352A4D2CDB0010191B /* Frameworks */,
				D9D334362A4D2CDB0010191B /* Resources */,
			);
			buildRules = (
			);
			dependencies = (
				D9D3343A2A4D2CDB0010191B /* PBXTargetDependency */,
			);
			name = PartyMessageUITests;
			productName = PartyMessageUITests;
			productReference = D9D334382A4D2CDB0010191B /* PartyMessageUITests.xctest */;
			productType = "com.apple.product-type.bundle.ui-testing";
		};
/* End PBXNativeTarget section */

/* Begin PBXProject section */
		D9D334162A4D2CD90010191B /* Project object */ = {
			isa = PBXProject;
			attributes = {
				BuildIndependentTargetsInParallel = 1;
				LastSwiftUpdateCheck = 1430;
				LastUpgradeCheck = 1430;
				TargetAttributes = {
					D9D3341D2A4D2CD90010191B = {
						CreatedOnToolsVersion = 14.3.1;
					};
					D9D3342D2A4D2CDB0010191B = {
						CreatedOnToolsVersion = 14.3.1;
						TestTargetID = D9D3341D2A4D2CD90010191B;
					};
					D9D334372A4D2CDB0010191B = {
						CreatedOnToolsVersion = 14.3.1;
						TestTargetID = D9D3341D2A4D2CD90010191B;
					};
				};
			};
			buildConfigurationList = D9D334192A4D2CD90010191B /* Build configuration list for PBXProject "PartyMessage" */;
			compatibilityVersion = "Xcode 14.0";
			developmentRegion = en;
			hasScannedForEncodings = 0;
			knownRegions = (
				en,
				Base,
			);
			mainGroup = D9D334152A4D2CD90010191B;
			productRefGroup = D9D3341F2A4D2CDA0010191B /* Products */;
			projectDirPath = "";
			projectRoot = "";
			targets = (
				D9D3341D2A4D2CD90010191B /* PartyMessage */,
				D9D3342D2A4D2CDB0010191B /* PartyMessageTests */,
				D9D334372A4D2CDB0010191B /* PartyMessageUITests */,
			);
		};
/* End PBXProject section */

/* Begin PBXResourcesBuildPhase section */
		D9D3341C2A4D2CD90010191B /* Resources */ = {
			isa = PBXResourcesBuildPhase;
			buildActionMask = 2147483647;
			files = (
				D9D334292A4D2CDB0010191B /* Preview Assets.xcassets in Resources */,
				D9D334262A4D2CDB0010191B /* Assets.xcassets in Resources */,
			);
			runOnlyForDeploymentPostprocessing = 0;
		};
		D9D3342C2A4D2CDB0010191B /* Resources */ = {
			isa = PBXResourcesBuildPhase;
			buildActionMask = 2147483647;
			files = (
			);
			runOnlyForDeploymentPostprocessing = 0;
		};
		D9D334362A4D2CDB0010191B /* Resources */ = {
			isa = PBXResourcesBuildPhase;
			buildActionMask = 2147483647;
			files = (
			);
			runOnlyForDeploymentPostprocessing = 0;
		};
/* End PBXResourcesBuildPhase section */

/* Begin PBXSourcesBuildPhase section */
		D9D3341A2A4D2CD90010191B /* Sources */ = {
			isa = PBXSourcesBuildPhase;
			buildActionMask = 2147483647;
			files = (
				D9D334242A4D2CDA0010191B /* ContentView.swift in Sources */,
				D9D334222A4D2CDA0010191B /* PartyMessageApp.swift in Sources */,
			);
			runOnlyForDeploymentPostprocessing = 0;
		};
		D9D3342A2A4D2CDB0010191B /* Sources */ = {
			isa = PBXSourcesBuildPhase;
			buildActionMask = 2147483647;
			files = (
				D9D334332A4D2CDB0010191B /* PartyMessageTests.swift in Sources */,
			);
			runOnlyForDeploymentPostprocessing = 0;
		};
		D9D334342A4D2CDB0010191B /* Sources */ = {
			isa = PBXSourcesBuildPhase;
			buildActionMask = 2147483647;
			files = (
				D9D3343D2A4D2CDB0010191B /* PartyMessageUITests.swift in Sources */,
				D9D3343F2A4D2CDB0010191B /* PartyMessageUITestsLaunchTests.swift in Sources */,
			);
			runOnlyForDeploymentPostprocessing = 0;
		};
/* End PBXSourcesBuildPhase section */

/* Begin PBXTargetDependency section */
		D9D334302A4D2CDB0010191B /* PBXTargetDependency */ = {
			isa = PBXTargetDependency;
			target = D9D3341D2A4D2CD90010191B /* PartyMessage */;
			targetProxy = D9D3342F2A4D2CDB0010191B /* PBXContainerItemProxy */;
		};
		D9D3343A2A4D2CDB0010191B /* PBXTargetDependency */ = {
			isa = PBXTargetDependency;
			target = D9D3341D2A4D2CD90010191B /* PartyMessage */;
			targetProxy = D9D334392A4D2CDB0010191B /* PBXContainerItemProxy */;
		};
/* End PBXTargetDependency section */

/* Begin XCBuildConfiguration section */
		D9D334402A4D2CDB0010191B /* Debug */ = {
			isa = XCBuildConfiguration;
			buildSettings = {
				ALWAYS_SEARCH_USER_PATHS = NO;
				CLANG_ANALYZER_NONNULL = YES;
				CLANG_ANALYZER_NUMBER_OBJECT_CONVERSION = YES_AGGRESSIVE;
				CLANG_CXX_LANGUAGE_STANDARD = "gnu++20";
				CLANG_ENABLE_MODULES = YES;
				CLANG_ENABLE_OBJC_ARC = YES;
				CLANG_ENABLE_OBJC_WEAK = YES;
				CLANG_WARN_BLOCK_CAPTURE_AUTORELEASING = YES;
				CLANG_WARN_BOOL_CONVERSION = YES;
				CLANG_WARN_COMMA = YES;
				CLANG_WARN_CONSTANT_CONVERSION = YES;
				CLANG_WARN_DEPRECATED_OBJC_IMPLEMENTATIONS = YES;
				CLANG_WARN_DIRECT_OBJC_ISA_USAGE = YES_ERROR;
				CLANG_WARN_DOCUMENTATION_COMMENTS = YES;
				CLANG_WARN_EMPTY_BODY = YES;
				CLANG_WARN_ENUM_CONVERSION = YES;
				CLANG_WARN_INFINITE_RECURSION = YES;
				CLANG_WARN_INT_CONVERSION = YES;
				CLANG_WARN_NON_LITERAL_NULL_CONVERSION = YES;
				CLANG_WARN_OBJC_IMPLICIT_RETAIN_SELF = YES;
				CLANG_WARN_OBJC_LITERAL_CONVERSION = YES;
				CLANG_WARN_OBJC_ROOT_CLASS = YES_ERROR;
				CLANG_WARN_QUOTED_INCLUDE_IN_FRAMEWORK_HEADER = YES;
				CLANG_WARN_RANGE_LOOP_ANALYSIS = YES;
				CLANG_WARN_STRICT_PROTOTYPES = YES;
				CLANG_WARN_SUSPICIOUS_MOVE = YES;
				CLANG_WARN_UNGUARDED_AVAILABILITY = YES_AGGRESSIVE;
				CLANG_WARN_UNREACHABLE_CODE = YES;
				CLANG_WARN__DUPLICATE_METHOD_MATCH = YES;
				COPY_PHASE_STRIP = NO;
				DEBUG_INFORMATION_FORMAT = dwarf;
				ENABLE_STRICT_OBJC_MSGSEND = YES;
				ENABLE_TESTABILITY = YES;
				GCC_C_LANGUAGE_STANDARD = gnu11;
				GCC_DYNAMIC_NO_PIC = NO;
				GCC_NO_COMMON_BLOCKS = YES;
				GCC_OPTIMIZATION_LEVEL = 0;
				GCC_PREPROCESSOR_DEFINITIONS = (
					"DEBUG=1",
					"$(inherited)",
				);
				GCC_WARN_64_TO_32_BIT_CONVERSION = YES;
				GCC_WARN_ABOUT_RETURN_TYPE = YES_ERROR;
				GCC_WARN_UNDECLARED_SELECTOR = YES;
				GCC_WARN_UNINITIALIZED_AUTOS = YES_AGGRESSIVE;
				GCC_WARN_UNUSED_FUNCTION = YES;
				GCC_WARN_UNUSED_VARIABLE = YES;
				IPHONEOS_DEPLOYMENT_TARGET = 16.4;
				MTL_ENABLE_DEBUG_INFO = INCLUDE_SOURCE;
				MTL_FAST_MATH = YES;
				ONLY_ACTIVE_ARCH = YES;
				SDKROOT = iphoneos;
				SWIFT_ACTIVE_COMPILATION_CONDITIONS = DEBUG;
				SWIFT_OPTIMIZATION_LEVEL = "-Onone";
			};
			name = Debug;
		};
		D9D334412A4D2CDB0010191B /* Release */ = {
			isa = XCBuildConfiguration;
			buildSettings = {
				ALWAYS_SEARCH_USER_PATHS = NO;
				CLANG_ANALYZER_NONNULL = YES;
				CLANG_ANALYZER_NUMBER_OBJECT_CONVERSION = YES_AGGRESSIVE;
				CLANG_CXX_LANGUAGE_STANDARD = "gnu++20";
				CLANG_ENABLE_MODULES = YES;
				CLANG_ENABLE_OBJC_ARC = YES;
				CLANG_ENABLE_OBJC_WEAK = YES;
				CLANG_WARN_BLOCK_CAPTURE_AUTORELEASING = YES;
				CLANG_WARN_BOOL_CONVERSION = YES;
				CLANG_WARN_COMMA = YES;
				CLANG_WARN_CONSTANT_CONVERSION = YES;
				CLANG_WARN_DEPRECATED_OBJC_IMPLEMENTATIONS = YES;
				CLANG_WARN_DIRECT_OBJC_ISA_USAGE = YES_ERROR;
				CLANG_WARN_DOCUMENTATION_COMMENTS = YES;
				CLANG_WARN_EMPTY_BODY = YES;
				CLANG_WARN_ENUM_CONVERSION = YES;
				CLANG_WARN_INFINITE_RECURSION = YES;
				CLANG_WARN_INT_CONVERSION = YES;
				CLANG_WARN_NON_LITERAL_NULL_CONVERSION = YES;
				CLANG_WARN_OBJC_IMPLICIT_RETAIN_SELF = YES;
				CLANG_WARN_OBJC_LITERAL_CONVERSION = YES;
				CLANG_WARN_OBJC_ROOT_CLASS = YES_ERROR;
				CLANG_WARN_QUOTED_INCLUDE_IN_FRAMEWORK_HEADER = YES;
				CLANG_WARN_RANGE_LOOP_ANALYSIS = YES;
				CLANG_WARN_STRICT_PROTOTYPES = YES;
				CLANG_WARN_SUSPICIOUS_MOVE = YES;
				CLANG_WARN_UNGUARDED_AVAILABILITY = YES_AGGRESSIVE;
				CLANG_WARN_UNREACHABLE_CODE = YES;
				CLANG_WARN__DUPLICATE_METHOD_MATCH = YES;
				COPY_PHASE_STRIP = NO;
				DEBUG_INFORMATION_FORMAT = "dwarf-with-dsym";
				ENABLE_NS_ASSERTIONS = NO;
				ENABLE_STRICT_OBJC_MSGSEND = YES;
				GCC_C_LANGUAGE_STANDARD = gnu11;
				GCC_NO_COMMON_BLOCKS = YES;
				GCC_WARN_64_TO_32_BIT_CONVERSION = YES;
				GCC_WARN_ABOUT_RETURN_TYPE = YES_ERROR;
				GCC_WARN_UNDECLARED_SELECTOR = YES;
				GCC_WARN_UNINITIALIZED_AUTOS = YES_AGGRESSIVE;
				GCC_WARN_UNUSED_FUNCTION = YES;
				GCC_WARN_UNUSED_VARIABLE = YES;
				IPHONEOS_DEPLOYMENT_TARGET = 16.4;
				MTL_ENABLE_DEBUG_INFO = NO;
				MTL_FAST_MATH = YES;
				SDKROOT = iphoneos;
				SWIFT_COMPILATION_MODE = wholemodule;
				SWIFT_OPTIMIZATION_LEVEL = "-O";
				VALIDATE_PRODUCT = YES;
			};
			name = Release;
		};
		D9D334432A4D2CDB0010191B /* Debug */ = {
			isa = XCBuildConfiguration;
			buildSettings = {
				ASSETCATALOG_COMPILER_APPICON_NAME = AppIcon;
				ASSETCATALOG_COMPILER_GLOBAL_ACCENT_COLOR_NAME = AccentColor;
				CODE_SIGN_STYLE = Automatic;
				CURRENT_PROJECT_VERSION = 1;
				DEVELOPMENT_ASSET_PATHS = "\"PartyMessage/Preview Content\"";
				DEVELOPMENT_TEAM = 5L7N8CBTBC;
				ENABLE_PREVIEWS = YES;
				GENERATE_INFOPLIST_FILE = YES;
				INFOPLIST_KEY_UIApplicationSceneManifest_Generation = YES;
				INFOPLIST_KEY_UIApplicationSupportsIndirectInputEvents = YES;
				INFOPLIST_KEY_UILaunchScreen_Generation = YES;
				INFOPLIST_KEY_UISupportedInterfaceOrientations_iPad = "UIInterfaceOrientationPortrait UIInterfaceOrientationPortraitUpsideDown UIInterfaceOrientationLandscapeLeft UIInterfaceOrientationLandscapeRight";
				INFOPLIST_KEY_UISupportedInterfaceOrientations_iPhone = "UIInterfaceOrientationPortrait UIInterfaceOrientationLandscapeLeft UIInterfaceOrientationLandscapeRight";
				LD_RUNPATH_SEARCH_PATHS = (
					"$(inherited)",
					"@executable_path/Frameworks",
				);
				MARKETING_VERSION = 1.0;
				PRODUCT_BUNDLE_IDENTIFIER = "com.example.apple-samplecode.PartyMessage";
				PRODUCT_NAME = "$(TARGET_NAME)";
				SWIFT_EMIT_LOC_STRINGS = YES;
				SWIFT_VERSION = 5.0;
				TARGETED_DEVICE_FAMILY = "1,2";
			};
			name = Debug;
		};
		D9D334442A4D2CDB0010191B /* Release */ = {
			isa = XCBuildConfiguration;
			buildSettings = {
				ASSETCATALOG_COMPILER_APPICON_NAME = AppIcon;
				ASSETCATALOG_COMPILER_GLOBAL_ACCENT_COLOR_NAME = AccentColor;
				CODE_SIGN_STYLE = Automatic;
				CURRENT_PROJECT_VERSION = 1;
				DEVELOPMENT_ASSET_PATHS = "\"PartyMessage/Preview Content\"";
				DEVELOPMENT_TEAM = 5L7N8CBTBC;
				ENABLE_PREVIEWS = YES;
				GENERATE_INFOPLIST_FILE = YES;
				INFOPLIST_KEY_UIApplicationSceneManifest_Generation = YES;
				INFOPLIST_KEY_UIApplicationSupportsIndirectInputEvents = YES;
				INFOPLIST_KEY_UILaunchScreen_Generation = YES;
				INFOPLIST_KEY_UISupportedInterfaceOrientations_iPad = "UIInterfaceOrientationPortrait UIInterfaceOrientationPortraitUpsideDown UIInterfaceOrientationLandscapeLeft UIInterfaceOrientationLandscapeRight";
				INFOPLIST_KEY_UISupportedInterfaceOrientations_iPhone = "UIInterfaceOrientationPortrait UIInterfaceOrientationLandscapeLeft UIInterfaceOrientationLandscapeRight";
				LD_RUNPATH_SEARCH_PATHS = (
					"$(inherited)",
					"@executable_path/Frameworks",
				);
				MARKETING_VERSION = 1.0;
				PRODUCT_BUNDLE_IDENTIFIER = "com.example.apple-samplecode.PartyMessage";
				PRODUCT_NAME = "$(TARGET_NAME)";
				SWIFT_EMIT_LOC_STRINGS = YES;
				SWIFT_VERSION = 5.0;
				TARGETED_DEVICE_FAMILY = "1,2";
			};
			name = Release;
		};
		D9D334462A4D2CDB0010191B /* Debug */ = {
			isa = XCBuildConfiguration;
			buildSettings = {
				ALWAYS_EMBED_SWIFT_STANDARD_LIBRARIES = YES;
				BUNDLE_LOADER = "$(TEST_HOST)";
				CODE_SIGN_STYLE = Automatic;
				CURRENT_PROJECT_VERSION = 1;
				DEVELOPMENT_TEAM = 5L7N8CBTBC;
				GENERATE_INFOPLIST_FILE = YES;
				IPHONEOS_DEPLOYMENT_TARGET = 16.4;
				MARKETING_VERSION = 1.0;
				PRODUCT_BUNDLE_IDENTIFIER = "com.example.apple-samplecode.PartyMessageTests";
				PRODUCT_NAME = "$(TARGET_NAME)";
				SWIFT_EMIT_LOC_STRINGS = NO;
				SWIFT_VERSION = 5.0;
				TARGETED_DEVICE_FAMILY = "1,2";
				TEST_HOST = "$(BUILT_PRODUCTS_DIR)/PartyMessage.app/$(BUNDLE_EXECUTABLE_FOLDER_PATH)/PartyMessage";
			};
			name = Debug;
		};
		D9D334472A4D2CDB0010191B /* Release */ = {
			isa = XCBuildConfiguration;
			buildSettings = {
				ALWAYS_EMBED_SWIFT_STANDARD_LIBRARIES = YES;
				BUNDLE_LOADER = "$(TEST_HOST)";
				CODE_SIGN_STYLE = Automatic;
				CURRENT_PROJECT_VERSION = 1;
				DEVELOPMENT_TEAM = 5L7N8CBTBC;
				GENERATE_INFOPLIST_FILE = YES;
				IPHONEOS_DEPLOYMENT_TARGET = 16.4;
				MARKETING_VERSION = 1.0;
				PRODUCT_BUNDLE_IDENTIFIER = "com.example.apple-samplecode.PartyMessageTests";
				PRODUCT_NAME = "$(TARGET_NAME)";
				SWIFT_EMIT_LOC_STRINGS = NO;
				SWIFT_VERSION = 5.0;
				TARGETED_DEVICE_FAMILY = "1,2";
				TEST_HOST = "$(BUILT_PRODUCTS_DIR)/PartyMessage.app/$(BUNDLE_EXECUTABLE_FOLDER_PATH)/PartyMessage";
			};
			name = Release;
		};
		D9D334492A4D2CDB0010191B /* Debug */ = {
			isa = XCBuildConfiguration;
			buildSettings = {
				ALWAYS_EMBED_SWIFT_STANDARD_LIBRARIES = YES;
				CODE_SIGN_STYLE = Automatic;
				CURRENT_PROJECT_VERSION = 1;
				DEVELOPMENT_TEAM = 5L7N8CBTBC;
				GENERATE_INFOPLIST_FILE = YES;
				MARKETING_VERSION = 1.0;
				PRODUCT_BUNDLE_IDENTIFIER = "com.example.apple-samplecode.PartyMessageUITests";
				PRODUCT_NAME = "$(TARGET_NAME)";
				SWIFT_EMIT_LOC_STRINGS = NO;
				SWIFT_VERSION = 5.0;
				TARGETED_DEVICE_FAMILY = "1,2";
				TEST_TARGET_NAME = PartyMessage;
			};
			name = Debug;
		};
		D9D3344A2A4D2CDB0010191B /* Release */ = {
			isa = XCBuildConfiguration;
			buildSettings = {
				ALWAYS_EMBED_SWIFT_STANDARD_LIBRARIES = YES;
				CODE_SIGN_STYLE = Automatic;
				CURRENT_PROJECT_VERSION = 1;
				DEVELOPMENT_TEAM = 5L7N8CBTBC;
				GENERATE_INFOPLIST_FILE = YES;
				MARKETING_VERSION = 1.0;
				PRODUCT_BUNDLE_IDENTIFIER = "com.example.apple-samplecode.PartyMessageUITests";
				PRODUCT_NAME = "$(TARGET_NAME)";
				SWIFT_EMIT_LOC_STRINGS = NO;
				SWIFT_VERSION = 5.0;
				TARGETED_DEVICE_FAMILY = "1,2";
				TEST_TARGET_NAME = PartyMessage;
			};
			name = Release;
		};
/* End XCBuildConfiguration section */

/* Begin XCConfigurationList section */
		D9D334192A4D2CD90010191B /* Build configuration list for PBXProject "PartyMessage" */ = {
			isa = XCConfigurationList;
			buildConfigurations = (
				D9D334402A4D2CDB0010191B /* Debug */,
				D9D334412A4D2CDB0010191B /* Release */,
			);
			defaultConfigurationIsVisible = 0;
			defaultConfigurationName = Release;
		};
		D9D334422A4D2CDB0010191B /* Build configuration list for PBXNativeTarget "PartyMessage" */ = {
			isa = XCConfigurationList;
			buildConfigurations = (
				D9D334432A4D2CDB0010191B /* Debug */,
				D9D334442A4D2CDB0010191B /* Release */,
			);
			defaultConfigurationIsVisible = 0;
			defaultConfigurationName = Release;
		};
		D9D334452A4D2CDB0010191B /* Build configuration list for PBXNativeTarget "PartyMessageTests" */ = {
			isa = XCConfigurationList;
			buildConfigurations = (
				D9D334462A4D2CDB0010191B /* Debug */,
				D9D334472A4D2CDB0010191B /* Release */,
			);
			defaultConfigurationIsVisible = 0;
			defaultConfigurationName = Release;
		};
		D9D334482A4D2CDB0010191B /* Build configuration list for PBXNativeTarget "PartyMessageUITests" */ = {
			isa = XCConfigurationList;
			buildConfigurations = (
				D9D334492A4D2CDB0010191B /* Debug */,
				D9D3344A2A4D2CDB0010191B /* Release */,
			);
			defaultConfigurationIsVisible = 0;
			defaultConfigurationName = Release;
		};
/* End XCConfigurationList section */
	};
	rootObject = D9D334162A4D2CD90010191B /* Project object */;
}
